// !$*UTF8*$!
{
	archiveVersion = 1;
	classes = {
	};
	objectVersion = 46;
	objects = {

/* Begin PBXBuildFile section */
		8402C6791C8B725500287DC1 /* main.m in Sources */ = {isa = PBXBuildFile; fileRef = 8402C6781C8B725500287DC1 /* main.m */; };
		8402C67C1C8B725500287DC1 /* AppDelegate.m in Sources */ = {isa = PBXBuildFile; fileRef = 8402C67B1C8B725500287DC1 /* AppDelegate.m */; };
		8402C6821C8B725500287DC1 /* Main.storyboard in Resources */ = {isa = PBXBuildFile; fileRef = 8402C6801C8B725500287DC1 /* Main.storyboard */; };
		8402C6841C8B725500287DC1 /* Assets.xcassets in Resources */ = {isa = PBXBuildFile; fileRef = 8402C6831C8B725500287DC1 /* Assets.xcassets */; };
		8402C6871C8B725500287DC1 /* LaunchScreen.storyboard in Resources */ = {isa = PBXBuildFile; fileRef = 8402C6851C8B725500287DC1 /* LaunchScreen.storyboard */; };
		8402C6911C8B72AB00287DC1 /* RegisterUserViewController.m in Sources */ = {isa = PBXBuildFile; fileRef = 8402C6901C8B72AB00287DC1 /* RegisterUserViewController.m */; };
		8402C6941C8B72E500287DC1 /* SOSViewController.m in Sources */ = {isa = PBXBuildFile; fileRef = 8402C6931C8B72E500287DC1 /* SOSViewController.m */; };
		8402C6981C8B730700287DC1 /* NetworkCommunicator.m in Sources */ = {isa = PBXBuildFile; fileRef = 8402C6971C8B730700287DC1 /* NetworkCommunicator.m */; };
		8402C69C1C8B732D00287DC1 /* SOSModel.m in Sources */ = {isa = PBXBuildFile; fileRef = 8402C69B1C8B732D00287DC1 /* SOSModel.m */; };
		8402C69F1C8B733A00287DC1 /* UserInfoModel.m in Sources */ = {isa = PBXBuildFile; fileRef = 8402C69E1C8B733A00287DC1 /* UserInfoModel.m */; };
		8402C6A31C8B73F000287DC1 /* AppStorage.m in Sources */ = {isa = PBXBuildFile; fileRef = 8402C6A21C8B73F000287DC1 /* AppStorage.m */; };
		8402C6B41C8B852C00287DC1 /* ModelValidator.m in Sources */ = {isa = PBXBuildFile; fileRef = 8402C6B31C8B852C00287DC1 /* ModelValidator.m */; };
		8402C6BC1C8B8A1B00287DC1 /* UIViewController+Helpers.m in Sources */ = {isa = PBXBuildFile; fileRef = 8402C6BB1C8B8A1B00287DC1 /* UIViewController+Helpers.m */; };
		8402C6C41C8BABC000287DC1 /* NSData+Helpers.m in Sources */ = {isa = PBXBuildFile; fileRef = 8402C6C31C8BABC000287DC1 /* NSData+Helpers.m */; };
		84B9967F1C8BB574008790BC /* SOSMaster.m in Sources */ = {isa = PBXBuildFile; fileRef = 84B9967E1C8BB574008790BC /* SOSMaster.m */; };
/* End PBXBuildFile section */

/* Begin PBXFileReference section */
		8402C6741C8B725500287DC1 /* SOS.app */ = {isa = PBXFileReference; explicitFileType = wrapper.application; includeInIndex = 0; path = SOS.app; sourceTree = BUILT_PRODUCTS_DIR; };
		8402C6781C8B725500287DC1 /* main.m */ = {isa = PBXFileReference; lastKnownFileType = sourcecode.c.objc; path = main.m; sourceTree = "<group>"; };
		8402C67A1C8B725500287DC1 /* AppDelegate.h */ = {isa = PBXFileReference; lastKnownFileType = sourcecode.c.h; path = AppDelegate.h; sourceTree = "<group>"; };
		8402C67B1C8B725500287DC1 /* AppDelegate.m */ = {isa = PBXFileReference; lastKnownFileType = sourcecode.c.objc; path = AppDelegate.m; sourceTree = "<group>"; };
		8402C6811C8B725500287DC1 /* Base */ = {isa = PBXFileReference; lastKnownFileType = file.storyboard; name = Base; path = Base.lproj/Main.storyboard; sourceTree = "<group>"; };
		8402C6831C8B725500287DC1 /* Assets.xcassets */ = {isa = PBXFileReference; lastKnownFileType = folder.assetcatalog; path = Assets.xcassets; sourceTree = "<group>"; };
		8402C6861C8B725500287DC1 /* Base */ = {isa = PBXFileReference; lastKnownFileType = file.storyboard; name = Base; path = Base.lproj/LaunchScreen.storyboard; sourceTree = "<group>"; };
		8402C6881C8B725500287DC1 /* Info.plist */ = {isa = PBXFileReference; lastKnownFileType = text.plist.xml; path = Info.plist; sourceTree = "<group>"; };
		8402C68F1C8B72AB00287DC1 /* RegisterUserViewController.h */ = {isa = PBXFileReference; fileEncoding = 4; lastKnownFileType = sourcecode.c.h; path = RegisterUserViewController.h; sourceTree = "<group>"; };
		8402C6901C8B72AB00287DC1 /* RegisterUserViewController.m */ = {isa = PBXFileReference; fileEncoding = 4; lastKnownFileType = sourcecode.c.objc; path = RegisterUserViewController.m; sourceTree = "<group>"; };
		8402C6921C8B72E500287DC1 /* SOSViewController.h */ = {isa = PBXFileReference; fileEncoding = 4; lastKnownFileType = sourcecode.c.h; path = SOSViewController.h; sourceTree = "<group>"; };
		8402C6931C8B72E500287DC1 /* SOSViewController.m */ = {isa = PBXFileReference; fileEncoding = 4; lastKnownFileType = sourcecode.c.objc; path = SOSViewController.m; sourceTree = "<group>"; };
		8402C6961C8B730700287DC1 /* NetworkCommunicator.h */ = {isa = PBXFileReference; fileEncoding = 4; lastKnownFileType = sourcecode.c.h; path = NetworkCommunicator.h; sourceTree = "<group>"; };
		8402C6971C8B730700287DC1 /* NetworkCommunicator.m */ = {isa = PBXFileReference; fileEncoding = 4; lastKnownFileType = sourcecode.c.objc; path = NetworkCommunicator.m; sourceTree = "<group>"; };
		8402C69A1C8B732D00287DC1 /* SOSModel.h */ = {isa = PBXFileReference; fileEncoding = 4; lastKnownFileType = sourcecode.c.h; path = SOSModel.h; sourceTree = "<group>"; };
		8402C69B1C8B732D00287DC1 /* SOSModel.m */ = {isa = PBXFileReference; fileEncoding = 4; lastKnownFileType = sourcecode.c.objc; path = SOSModel.m; sourceTree = "<group>"; };
		8402C69D1C8B733A00287DC1 /* UserInfoModel.h */ = {isa = PBXFileReference; fileEncoding = 4; lastKnownFileType = sourcecode.c.h; path = UserInfoModel.h; sourceTree = "<group>"; };
		8402C69E1C8B733A00287DC1 /* UserInfoModel.m */ = {isa = PBXFileReference; fileEncoding = 4; lastKnownFileType = sourcecode.c.objc; path = UserInfoModel.m; sourceTree = "<group>"; };
		8402C6A11C8B73F000287DC1 /* AppStorage.h */ = {isa = PBXFileReference; fileEncoding = 4; lastKnownFileType = sourcecode.c.h; path = AppStorage.h; sourceTree = "<group>"; };
		8402C6A21C8B73F000287DC1 /* AppStorage.m */ = {isa = PBXFileReference; fileEncoding = 4; lastKnownFileType = sourcecode.c.objc; path = AppStorage.m; sourceTree = "<group>"; };
		8402C6A51C8B740C00287DC1 /* Singleton.h */ = {isa = PBXFileReference; fileEncoding = 4; lastKnownFileType = sourcecode.c.h; path = Singleton.h; sourceTree = "<group>"; };
		8402C6B01C8B744000287DC1 /* SOSPrefixHeader.pch */ = {isa = PBXFileReference; lastKnownFileType = sourcecode.c.h; path = SOSPrefixHeader.pch; sourceTree = "<group>"; };
		8402C6B21C8B852C00287DC1 /* ModelValidator.h */ = {isa = PBXFileReference; fileEncoding = 4; lastKnownFileType = sourcecode.c.h; path = ModelValidator.h; sourceTree = "<group>"; };
		8402C6B31C8B852C00287DC1 /* ModelValidator.m */ = {isa = PBXFileReference; fileEncoding = 4; lastKnownFileType = sourcecode.c.objc; path = ModelValidator.m; sourceTree = "<group>"; };
		8402C6B51C8B85E800287DC1 /* Serializable.h */ = {isa = PBXFileReference; fileEncoding = 4; lastKnownFileType = sourcecode.c.h; path = Serializable.h; sourceTree = "<group>"; };
		8402C6B81C8B899600287DC1 /* TextStrings.h */ = {isa = PBXFileReference; lastKnownFileType = sourcecode.c.h; path = TextStrings.h; sourceTree = "<group>"; };
		8402C6BA1C8B8A1B00287DC1 /* UIViewController+Helpers.h */ = {isa = PBXFileReference; fileEncoding = 4; lastKnownFileType = sourcecode.c.h; path = "UIViewController+Helpers.h"; sourceTree = "<group>"; };
		8402C6BB1C8B8A1B00287DC1 /* UIViewController+Helpers.m */ = {isa = PBXFileReference; fileEncoding = 4; lastKnownFileType = sourcecode.c.objc; path = "UIViewController+Helpers.m"; sourceTree = "<group>"; };
		8402C6BD1C8B8C2400287DC1 /* Config.h */ = {isa = PBXFileReference; lastKnownFileType = sourcecode.c.h; path = Config.h; sourceTree = "<group>"; };
		8402C6C11C8BA6FD00287DC1 /* Helpers.h */ = {isa = PBXFileReference; lastKnownFileType = sourcecode.c.h; path = Helpers.h; sourceTree = "<group>"; };
		8402C6C21C8BABC000287DC1 /* NSData+Helpers.h */ = {isa = PBXFileReference; fileEncoding = 4; lastKnownFileType = sourcecode.c.h; path = "NSData+Helpers.h"; sourceTree = "<group>"; };
		8402C6C31C8BABC000287DC1 /* NSData+Helpers.m */ = {isa = PBXFileReference; fileEncoding = 4; lastKnownFileType = sourcecode.c.objc; path = "NSData+Helpers.m"; sourceTree = "<group>"; };
		84B9967C1C8BB290008790BC /* UserSessionObligatorily.h */ = {isa = PBXFileReference; fileEncoding = 4; lastKnownFileType = sourcecode.c.h; path = UserSessionObligatorily.h; sourceTree = "<group>"; };
		84B9967D1C8BB574008790BC /* SOSMaster.h */ = {isa = PBXFileReference; fileEncoding = 4; lastKnownFileType = sourcecode.c.h; path = SOSMaster.h; sourceTree = "<group>"; };
		84B9967E1C8BB574008790BC /* SOSMaster.m */ = {isa = PBXFileReference; fileEncoding = 4; lastKnownFileType = sourcecode.c.objc; path = SOSMaster.m; sourceTree = "<group>"; };
		84B996801C8BB976008790BC /* SOSMisc.h */ = {isa = PBXFileReference; lastKnownFileType = sourcecode.c.h; path = SOSMisc.h; sourceTree = "<group>"; };
/* End PBXFileReference section */

/* Begin PBXFrameworksBuildPhase section */
		8402C6711C8B725500287DC1 /* Frameworks */ = {
			isa = PBXFrameworksBuildPhase;
			buildActionMask = 2147483647;
			files = (
			);
			runOnlyForDeploymentPostprocessing = 0;
		};
/* End PBXFrameworksBuildPhase section */

/* Begin PBXGroup section */
		8402C66B1C8B725500287DC1 = {
			isa = PBXGroup;
			children = (
				8402C6761C8B725500287DC1 /* SOS */,
				8402C6751C8B725500287DC1 /* Products */,
			);
			sourceTree = "<group>";
		};
		8402C6751C8B725500287DC1 /* Products */ = {
			isa = PBXGroup;
			children = (
				8402C6741C8B725500287DC1 /* SOS.app */,
			);
			name = Products;
			sourceTree = "<group>";
		};
		8402C6761C8B725500287DC1 /* SOS */ = {
			isa = PBXGroup;
			children = (
				8402C6B91C8B89F300287DC1 /* Categories */,
				8402C6B71C8B898B00287DC1 /* Headers */,
				8402C6B11C8B84FE00287DC1 /* Core */,
				8402C6A41C8B73F300287DC1 /* Protocols */,
				8402C6A01C8B736600287DC1 /* Helpers */,
				8402C6991C8B731A00287DC1 /* Model */,
				8402C6951C8B72F200287DC1 /* Networking */,
				8402C68E1C8B729400287DC1 /* View Controllers */,
				8402C67A1C8B725500287DC1 /* AppDelegate.h */,
				8402C67B1C8B725500287DC1 /* AppDelegate.m */,
				8402C6801C8B725500287DC1 /* Main.storyboard */,
				8402C6831C8B725500287DC1 /* Assets.xcassets */,
				8402C6851C8B725500287DC1 /* LaunchScreen.storyboard */,
				8402C6881C8B725500287DC1 /* Info.plist */,
				8402C6771C8B725500287DC1 /* Supporting Files */,
			);
			path = SOS;
			sourceTree = "<group>";
		};
		8402C6771C8B725500287DC1 /* Supporting Files */ = {
			isa = PBXGroup;
			children = (
				8402C6781C8B725500287DC1 /* main.m */,
				8402C6B01C8B744000287DC1 /* SOSPrefixHeader.pch */,
			);
			name = "Supporting Files";
			sourceTree = "<group>";
		};
		8402C68E1C8B729400287DC1 /* View Controllers */ = {
			isa = PBXGroup;
			children = (
				8402C68F1C8B72AB00287DC1 /* RegisterUserViewController.h */,
				8402C6901C8B72AB00287DC1 /* RegisterUserViewController.m */,
				8402C6921C8B72E500287DC1 /* SOSViewController.h */,
				8402C6931C8B72E500287DC1 /* SOSViewController.m */,
			);
			name = "View Controllers";
			sourceTree = "<group>";
		};
		8402C6951C8B72F200287DC1 /* Networking */ = {
			isa = PBXGroup;
			children = (
				8402C6961C8B730700287DC1 /* NetworkCommunicator.h */,
				8402C6971C8B730700287DC1 /* NetworkCommunicator.m */,
			);
			name = Networking;
			sourceTree = "<group>";
		};
		8402C6991C8B731A00287DC1 /* Model */ = {
			isa = PBXGroup;
			children = (
				8402C69A1C8B732D00287DC1 /* SOSModel.h */,
				8402C69B1C8B732D00287DC1 /* SOSModel.m */,
				8402C69D1C8B733A00287DC1 /* UserInfoModel.h */,
				8402C69E1C8B733A00287DC1 /* UserInfoModel.m */,
			);
			name = Model;
			sourceTree = "<group>";
		};
		8402C6A01C8B736600287DC1 /* Helpers */ = {
			isa = PBXGroup;
			children = (
				8402C6A11C8B73F000287DC1 /* AppStorage.h */,
				8402C6A21C8B73F000287DC1 /* AppStorage.m */,
			);
			name = Helpers;
			sourceTree = "<group>";
		};
		8402C6A41C8B73F300287DC1 /* Protocols */ = {
			isa = PBXGroup;
			children = (
				8402C6A51C8B740C00287DC1 /* Singleton.h */,
				8402C6B51C8B85E800287DC1 /* Serializable.h */,
				84B9967C1C8BB290008790BC /* UserSessionObligatorily.h */,
			);
			name = Protocols;
			sourceTree = "<group>";
		};
		8402C6B11C8B84FE00287DC1 /* Core */ = {
			isa = PBXGroup;
			children = (
				8402C6B21C8B852C00287DC1 /* ModelValidator.h */,
				8402C6B31C8B852C00287DC1 /* ModelValidator.m */,
				84B9967D1C8BB574008790BC /* SOSMaster.h */,
				84B9967E1C8BB574008790BC /* SOSMaster.m */,
			);
			name = Core;
			sourceTree = "<group>";
		};
		8402C6B71C8B898B00287DC1 /* Headers */ = {
			isa = PBXGroup;
			children = (
				8402C6B81C8B899600287DC1 /* TextStrings.h */,
				8402C6BD1C8B8C2400287DC1 /* Config.h */,
				8402C6C11C8BA6FD00287DC1 /* Helpers.h */,
				84B996801C8BB976008790BC /* SOSMisc.h */,
			);
			name = Headers;
			sourceTree = "<group>";
		};
		8402C6B91C8B89F300287DC1 /* Categories */ = {
			isa = PBXGroup;
			children = (
				8402C6BA1C8B8A1B00287DC1 /* UIViewController+Helpers.h */,
				8402C6BB1C8B8A1B00287DC1 /* UIViewController+Helpers.m */,
				8402C6C21C8BABC000287DC1 /* NSData+Helpers.h */,
				8402C6C31C8BABC000287DC1 /* NSData+Helpers.m */,
			);
			name = Categories;
			sourceTree = "<group>";
		};
/* End PBXGroup section */

/* Begin PBXNativeTarget section */
		8402C6731C8B725500287DC1 /* SOS */ = {
			isa = PBXNativeTarget;
			buildConfigurationList = 8402C68B1C8B725500287DC1 /* Build configuration list for PBXNativeTarget "SOS" */;
			buildPhases = (
				8402C6701C8B725500287DC1 /* Sources */,
				8402C6711C8B725500287DC1 /* Frameworks */,
				8402C6721C8B725500287DC1 /* Resources */,
			);
			buildRules = (
			);
			dependencies = (
			);
			name = SOS;
			productName = SOS;
			productReference = 8402C6741C8B725500287DC1 /* SOS.app */;
			productType = "com.apple.product-type.application";
		};
/* End PBXNativeTarget section */

/* Begin PBXProject section */
		8402C66C1C8B725500287DC1 /* Project object */ = {
			isa = PBXProject;
			attributes = {
				LastUpgradeCheck = 0720;
				ORGANIZATIONNAME = Team14;
				TargetAttributes = {
					8402C6731C8B725500287DC1 = {
						CreatedOnToolsVersion = 7.2.1;
					};
				};
			};
			buildConfigurationList = 8402C66F1C8B725500287DC1 /* Build configuration list for PBXProject "SOS" */;
			compatibilityVersion = "Xcode 3.2";
			developmentRegion = English;
			hasScannedForEncodings = 0;
			knownRegions = (
				en,
				Base,
			);
			mainGroup = 8402C66B1C8B725500287DC1;
			productRefGroup = 8402C6751C8B725500287DC1 /* Products */;
			projectDirPath = "";
			projectRoot = "";
			targets = (
				8402C6731C8B725500287DC1 /* SOS */,
			);
		};
/* End PBXProject section */

/* Begin PBXResourcesBuildPhase section */
		8402C6721C8B725500287DC1 /* Resources */ = {
			isa = PBXResourcesBuildPhase;
			buildActionMask = 2147483647;
			files = (
				8402C6871C8B725500287DC1 /* LaunchScreen.storyboard in Resources */,
				8402C6841C8B725500287DC1 /* Assets.xcassets in Resources */,
				8402C6821C8B725500287DC1 /* Main.storyboard in Resources */,
			);
			runOnlyForDeploymentPostprocessing = 0;
		};
/* End PBXResourcesBuildPhase section */

/* Begin PBXSourcesBuildPhase section */
		8402C6701C8B725500287DC1 /* Sources */ = {
			isa = PBXSourcesBuildPhase;
			buildActionMask = 2147483647;
			files = (
				8402C6941C8B72E500287DC1 /* SOSViewController.m in Sources */,
				8402C67C1C8B725500287DC1 /* AppDelegate.m in Sources */,
				8402C6C41C8BABC000287DC1 /* NSData+Helpers.m in Sources */,
				8402C6B41C8B852C00287DC1 /* ModelValidator.m in Sources */,
				8402C69C1C8B732D00287DC1 /* SOSModel.m in Sources */,
				8402C6911C8B72AB00287DC1 /* RegisterUserViewController.m in Sources */,
				8402C6791C8B725500287DC1 /* main.m in Sources */,
				84B9967F1C8BB574008790BC /* SOSMaster.m in Sources */,
				8402C6BC1C8B8A1B00287DC1 /* UIViewController+Helpers.m in Sources */,
				8402C6A31C8B73F000287DC1 /* AppStorage.m in Sources */,
				8402C69F1C8B733A00287DC1 /* UserInfoModel.m in Sources */,
				8402C6981C8B730700287DC1 /* NetworkCommunicator.m in Sources */,
			);
			runOnlyForDeploymentPostprocessing = 0;
		};
/* End PBXSourcesBuildPhase section */

/* Begin PBXVariantGroup section */
		8402C6801C8B725500287DC1 /* Main.storyboard */ = {
			isa = PBXVariantGroup;
			children = (
				8402C6811C8B725500287DC1 /* Base */,
			);
			name = Main.storyboard;
			sourceTree = "<group>";
		};
		8402C6851C8B725500287DC1 /* LaunchScreen.storyboard */ = {
			isa = PBXVariantGroup;
			children = (
				8402C6861C8B725500287DC1 /* Base */,
			);
			name = LaunchScreen.storyboard;
			sourceTree = "<group>";
		};
/* End PBXVariantGroup section */

/* Begin XCBuildConfiguration section */
		8402C6891C8B725500287DC1 /* Debug */ = {
			isa = XCBuildConfiguration;
			buildSettings = {
				ALWAYS_SEARCH_USER_PATHS = NO;
				CLANG_CXX_LANGUAGE_STANDARD = "gnu++0x";
				CLANG_CXX_LIBRARY = "libc++";
				CLANG_ENABLE_MODULES = YES;
				CLANG_ENABLE_OBJC_ARC = YES;
				CLANG_WARN_BOOL_CONVERSION = YES;
				CLANG_WARN_CONSTANT_CONVERSION = YES;
				CLANG_WARN_DIRECT_OBJC_ISA_USAGE = YES_ERROR;
				CLANG_WARN_EMPTY_BODY = YES;
				CLANG_WARN_ENUM_CONVERSION = YES;
				CLANG_WARN_INT_CONVERSION = YES;
				CLANG_WARN_OBJC_ROOT_CLASS = YES_ERROR;
				CLANG_WARN_UNREACHABLE_CODE = YES;
				CLANG_WARN__DUPLICATE_METHOD_MATCH = YES;
				"CODE_SIGN_IDENTITY[sdk=iphoneos*]" = "iPhone Developer";
				COPY_PHASE_STRIP = NO;
				DEBUG_INFORMATION_FORMAT = dwarf;
				ENABLE_STRICT_OBJC_MSGSEND = YES;
				ENABLE_TESTABILITY = YES;
				GCC_C_LANGUAGE_STANDARD = gnu99;
				GCC_DYNAMIC_NO_PIC = NO;
				GCC_NO_COMMON_BLOCKS = YES;
				GCC_OPTIMIZATION_LEVEL = 0;
				GCC_PREPROCESSOR_DEFINITIONS = (
					"DEBUG=1",
					"$(inherited)",
				);
				GCC_WARN_64_TO_32_BIT_CONVERSION = YES;
				GCC_WARN_ABOUT_RETURN_TYPE = YES_ERROR;
				GCC_WARN_UNDECLARED_SELECTOR = YES;
				GCC_WARN_UNINITIALIZED_AUTOS = YES_AGGRESSIVE;
				GCC_WARN_UNUSED_FUNCTION = YES;
				GCC_WARN_UNUSED_VARIABLE = YES;
				IPHONEOS_DEPLOYMENT_TARGET = 9.2;
				MTL_ENABLE_DEBUG_INFO = YES;
				ONLY_ACTIVE_ARCH = YES;
				SDKROOT = iphoneos;
			};
			name = Debug;
		};
		8402C68A1C8B725500287DC1 /* Release */ = {
			isa = XCBuildConfiguration;
			buildSettings = {
				ALWAYS_SEARCH_USER_PATHS = NO;
				CLANG_CXX_LANGUAGE_STANDARD = "gnu++0x";
				CLANG_CXX_LIBRARY = "libc++";
				CLANG_ENABLE_MODULES = YES;
				CLANG_ENABLE_OBJC_ARC = YES;
				CLANG_WARN_BOOL_CONVERSION = YES;
				CLANG_WARN_CONSTANT_CONVERSION = YES;
				CLANG_WARN_DIRECT_OBJC_ISA_USAGE = YES_ERROR;
				CLANG_WARN_EMPTY_BODY = YES;
				CLANG_WARN_ENUM_CONVERSION = YES;
				CLANG_WARN_INT_CONVERSION = YES;
				CLANG_WARN_OBJC_ROOT_CLASS = YES_ERROR;
				CLANG_WARN_UNREACHABLE_CODE = YES;
				CLANG_WARN__DUPLICATE_METHOD_MATCH = YES;
				"CODE_SIGN_IDENTITY[sdk=iphoneos*]" = "iPhone Developer";
				COPY_PHASE_STRIP = NO;
				DEBUG_INFORMATION_FORMAT = "dwarf-with-dsym";
				ENABLE_NS_ASSERTIONS = NO;
				ENABLE_STRICT_OBJC_MSGSEND = YES;
				GCC_C_LANGUAGE_STANDARD = gnu99;
				GCC_NO_COMMON_BLOCKS = YES;
				GCC_WARN_64_TO_32_BIT_CONVERSION = YES;
				GCC_WARN_ABOUT_RETURN_TYPE = YES_ERROR;
				GCC_WARN_UNDECLARED_SELECTOR = YES;
				GCC_WARN_UNINITIALIZED_AUTOS = YES_AGGRESSIVE;
				GCC_WARN_UNUSED_FUNCTION = YES;
				GCC_WARN_UNUSED_VARIABLE = YES;
				IPHONEOS_DEPLOYMENT_TARGET = 9.2;
				MTL_ENABLE_DEBUG_INFO = NO;
				SDKROOT = iphoneos;
				VALIDATE_PRODUCT = YES;
			};
			name = Release;
		};
		8402C68C1C8B725500287DC1 /* Debug */ = {
			isa = XCBuildConfiguration;
			buildSettings = {
				ASSETCATALOG_COMPILER_APPICON_NAME = AppIcon;
				GCC_PRECOMPILE_PREFIX_HEADER = YES;
				GCC_PREFIX_HEADER = SOS/SOSPrefixHeader.pch;
				GCC_PREPROCESSOR_DEFINITIONS = (
					"DEBUG=1",
					"$(inherited)",
					TEST_SIGN_UP,
					TEST_START_SOS,
				);
				INFOPLIST_FILE = SOS/Info.plist;
				LD_RUNPATH_SEARCH_PATHS = "$(inherited) @executable_path/Frameworks";
				PRODUCT_BUNDLE_IDENTIFIER = com.team14.SOS;
				PRODUCT_NAME = "$(TARGET_NAME)";
			};
			name = Debug;
		};
		8402C68D1C8B725500287DC1 /* Release */ = {
			isa = XCBuildConfiguration;
			buildSettings = {
				ASSETCATALOG_COMPILER_APPICON_NAME = AppIcon;
				GCC_PRECOMPILE_PREFIX_HEADER = YES;
				GCC_PREFIX_HEADER = SOS/SOSPrefixHeader.pch;
				INFOPLIST_FILE = SOS/Info.plist;
				LD_RUNPATH_SEARCH_PATHS = "$(inherited) @executable_path/Frameworks";
				PRODUCT_BUNDLE_IDENTIFIER = com.team14.SOS;
				PRODUCT_NAME = "$(TARGET_NAME)";
			};
			name = Release;
		};
/* End XCBuildConfiguration section */

/* Begin XCConfigurationList section */
		8402C66F1C8B725500287DC1 /* Build configuration list for PBXProject "SOS" */ = {
			isa = XCConfigurationList;
			buildConfigurations = (
				8402C6891C8B725500287DC1 /* Debug */,
				8402C68A1C8B725500287DC1 /* Release */,
			);
			defaultConfigurationIsVisible = 0;
			defaultConfigurationName = Release;
		};
		8402C68B1C8B725500287DC1 /* Build configuration list for PBXNativeTarget "SOS" */ = {
			isa = XCConfigurationList;
			buildConfigurations = (
				8402C68C1C8B725500287DC1 /* Debug */,
				8402C68D1C8B725500287DC1 /* Release */,
			);
			defaultConfigurationIsVisible = 0;
			defaultConfigurationName = Release;
		};
/* End XCConfigurationList section */
	};
	rootObject = 8402C66C1C8B725500287DC1 /* Project object */;
}
